// !$*UTF8*$!
{
	archiveVersion = 1;
	classes = {
	};
	objectVersion = 46;
	objects = {

/* Begin PBXBuildFile section */
		2E97B0071E68DBE500B4F0C3 /* AppDelegate.swift in Sources */ = {isa = PBXBuildFile; fileRef = 2E97B0061E68DBE500B4F0C3 /* AppDelegate.swift */; };
		2E97B0091E68DBE500B4F0C3 /* ViewController.swift in Sources */ = {isa = PBXBuildFile; fileRef = 2E97B0081E68DBE500B4F0C3 /* ViewController.swift */; };
		2E97B00C1E68DBE500B4F0C3 /* Main.storyboard in Resources */ = {isa = PBXBuildFile; fileRef = 2E97B00A1E68DBE500B4F0C3 /* Main.storyboard */; };
		2E97B00E1E68DBE500B4F0C3 /* Assets.xcassets in Resources */ = {isa = PBXBuildFile; fileRef = 2E97B00D1E68DBE500B4F0C3 /* Assets.xcassets */; };
		2E97B0111E68DBE500B4F0C3 /* LaunchScreen.storyboard in Resources */ = {isa = PBXBuildFile; fileRef = 2E97B00F1E68DBE500B4F0C3 /* LaunchScreen.storyboard */; };
		2E97B0371E72181000B4F0C3 /* AudioKit.framework in Frameworks */ = {isa = PBXBuildFile; fileRef = 2E97B0361E72181000B4F0C3 /* AudioKit.framework */; };
		2E97B0381E72181000B4F0C3 /* AudioKit.framework in Embed Frameworks */ = {isa = PBXBuildFile; fileRef = 2E97B0361E72181000B4F0C3 /* AudioKit.framework */; settings = {ATTRIBUTES = (CodeSignOnCopy, RemoveHeadersOnCopy, ); }; };
/* End PBXBuildFile section */

/* Begin PBXCopyFilesBuildPhase section */
		2E97B0391E72181000B4F0C3 /* Embed Frameworks */ = {
			isa = PBXCopyFilesBuildPhase;
			buildActionMask = 2147483647;
			dstPath = "";
			dstSubfolderSpec = 10;
			files = (
				2E97B0381E72181000B4F0C3 /* AudioKit.framework in Embed Frameworks */,
			);
			name = "Embed Frameworks";
			runOnlyForDeploymentPostprocessing = 0;
		};
/* End PBXCopyFilesBuildPhase section */

/* Begin PBXFileReference section */
		2E97B0031E68DBE500B4F0C3 /* instrumentTests.app */ = {isa = PBXFileReference; explicitFileType = wrapper.application; includeInIndex = 0; path = instrumentTests.app; sourceTree = BUILT_PRODUCTS_DIR; };
		2E97B0061E68DBE500B4F0C3 /* AppDelegate.swift */ = {isa = PBXFileReference; lastKnownFileType = sourcecode.swift; path = AppDelegate.swift; sourceTree = "<group>"; };
		2E97B0081E68DBE500B4F0C3 /* ViewController.swift */ = {isa = PBXFileReference; lastKnownFileType = sourcecode.swift; path = ViewController.swift; sourceTree = "<group>"; };
		2E97B00B1E68DBE500B4F0C3 /* Base */ = {isa = PBXFileReference; lastKnownFileType = file.storyboard; name = Base; path = Base.lproj/Main.storyboard; sourceTree = "<group>"; };
		2E97B00D1E68DBE500B4F0C3 /* Assets.xcassets */ = {isa = PBXFileReference; lastKnownFileType = folder.assetcatalog; path = Assets.xcassets; sourceTree = "<group>"; };
		2E97B0101E68DBE500B4F0C3 /* Base */ = {isa = PBXFileReference; lastKnownFileType = file.storyboard; name = Base; path = Base.lproj/LaunchScreen.storyboard; sourceTree = "<group>"; };
		2E97B0121E68DBE600B4F0C3 /* Info.plist */ = {isa = PBXFileReference; lastKnownFileType = text.plist.xml; path = Info.plist; sourceTree = "<group>"; };
		2E97B0361E72181000B4F0C3 /* AudioKit.framework */ = {isa = PBXFileReference; lastKnownFileType = wrapper.framework; path = AudioKit.framework; sourceTree = "<group>"; };
/* End PBXFileReference section */

/* Begin PBXFrameworksBuildPhase section */
		2E97B0001E68DBE300B4F0C3 /* Frameworks */ = {
			isa = PBXFrameworksBuildPhase;
			buildActionMask = 2147483647;
			files = (
				2E97B0371E72181000B4F0C3 /* AudioKit.framework in Frameworks */,
			);
			runOnlyForDeploymentPostprocessing = 0;
		};
/* End PBXFrameworksBuildPhase section */

/* Begin PBXGroup section */
		2E97AFFA1E68DBE300B4F0C3 = {
			isa = PBXGroup;
			children = (
				2E97B0361E72181000B4F0C3 /* AudioKit.framework */,
				2E97B0051E68DBE500B4F0C3 /* instrumentTests */,
				2E97B0041E68DBE500B4F0C3 /* Products */,
			);
			sourceTree = "<group>";
		};
		2E97B0041E68DBE500B4F0C3 /* Products */ = {
			isa = PBXGroup;
			children = (
				2E97B0031E68DBE500B4F0C3 /* instrumentTests.app */,
			);
			name = Products;
			sourceTree = "<group>";
		};
		2E97B0051E68DBE500B4F0C3 /* instrumentTests */ = {
			isa = PBXGroup;
			children = (
				2E97B0061E68DBE500B4F0C3 /* AppDelegate.swift */,
				2E97B0081E68DBE500B4F0C3 /* ViewController.swift */,
				2E97B00A1E68DBE500B4F0C3 /* Main.storyboard */,
				2E97B00D1E68DBE500B4F0C3 /* Assets.xcassets */,
				2E97B00F1E68DBE500B4F0C3 /* LaunchScreen.storyboard */,
				2E97B0121E68DBE600B4F0C3 /* Info.plist */,
			);
			path = instrumentTests;
			sourceTree = "<group>";
		};
/* End PBXGroup section */

/* Begin PBXNativeTarget section */
		2E97B0021E68DBE300B4F0C3 /* instrumentTests */ = {
			isa = PBXNativeTarget;
			buildConfigurationList = 2E97B0151E68DBE600B4F0C3 /* Build configuration list for PBXNativeTarget "instrumentTests" */;
			buildPhases = (
				2E97AFFF1E68DBE300B4F0C3 /* Sources */,
				2E97B0001E68DBE300B4F0C3 /* Frameworks */,
				2E97B0011E68DBE300B4F0C3 /* Resources */,
				2E97B0391E72181000B4F0C3 /* Embed Frameworks */,
			);
			buildRules = (
			);
			dependencies = (
			);
			name = instrumentTests;
			productName = instrumentTests;
			productReference = 2E97B0031E68DBE500B4F0C3 /* instrumentTests.app */;
			productType = "com.apple.product-type.application";
		};
/* End PBXNativeTarget section */

/* Begin PBXProject section */
		2E97AFFB1E68DBE300B4F0C3 /* Project object */ = {
			isa = PBXProject;
			attributes = {
				LastSwiftUpdateCheck = 0820;
				LastUpgradeCheck = 0820;
				ORGANIZATIONNAME = "Bridget Bailey";
				TargetAttributes = {
					2E97B0021E68DBE300B4F0C3 = {
						CreatedOnToolsVersion = 8.2.1;
						DevelopmentTeam = SM38AB76UY;
						ProvisioningStyle = Automatic;
					};
				};
			};
			buildConfigurationList = 2E97AFFE1E68DBE300B4F0C3 /* Build configuration list for PBXProject "instrumentTests" */;
			compatibilityVersion = "Xcode 3.2";
			developmentRegion = English;
			hasScannedForEncodings = 0;
			knownRegions = (
				en,
				Base,
			);
			mainGroup = 2E97AFFA1E68DBE300B4F0C3;
			productRefGroup = 2E97B0041E68DBE500B4F0C3 /* Products */;
			projectDirPath = "";
			projectRoot = "";
			targets = (
				2E97B0021E68DBE300B4F0C3 /* instrumentTests */,
			);
		};
/* End PBXProject section */

/* Begin PBXResourcesBuildPhase section */
		2E97B0011E68DBE300B4F0C3 /* Resources */ = {
			isa = PBXResourcesBuildPhase;
			buildActionMask = 2147483647;
			files = (
				2E97B0111E68DBE500B4F0C3 /* LaunchScreen.storyboard in Resources */,
				2E97B00E1E68DBE500B4F0C3 /* Assets.xcassets in Resources */,
				2E97B00C1E68DBE500B4F0C3 /* Main.storyboard in Resources */,
			);
			runOnlyForDeploymentPostprocessing = 0;
		};
/* End PBXResourcesBuildPhase section */

/* Begin PBXSourcesBuildPhase section */
		2E97AFFF1E68DBE300B4F0C3 /* Sources */ = {
			isa = PBXSourcesBuildPhase;
			buildActionMask = 2147483647;
			files = (
				2E97B0091E68DBE500B4F0C3 /* ViewController.swift in Sources */,
				2E97B0071E68DBE500B4F0C3 /* AppDelegate.swift in Sources */,
			);
			runOnlyForDeploymentPostprocessing = 0;
		};
/* End PBXSourcesBuildPhase section */

/* Begin PBXVariantGroup section */
		2E97B00A1E68DBE500B4F0C3 /* Main.storyboard */ = {
			isa = PBXVariantGroup;
			children = (
				2E97B00B1E68DBE500B4F0C3 /* Base */,
			);
			name = Main.storyboard;
			sourceTree = "<group>";
		};
		2E97B00F1E68DBE500B4F0C3 /* LaunchScreen.storyboard */ = {
			isa = PBXVariantGroup;
			children = (
				2E97B0101E68DBE500B4F0C3 /* Base */,
			);
			name = LaunchScreen.storyboard;
			sourceTree = "<group>";
		};
/* End PBXVariantGroup section */

/* Begin XCBuildConfiguration section */
		2E97B0131E68DBE600B4F0C3 /* Debug */ = {
			isa = XCBuildConfiguration;
			buildSettings = {
				ALWAYS_SEARCH_USER_PATHS = NO;
				CLANG_ANALYZER_NONNULL = YES;
				CLANG_CXX_LANGUAGE_STANDARD = "gnu++0x";
				CLANG_CXX_LIBRARY = "libc++";
				CLANG_ENABLE_MODULES = YES;
				CLANG_ENABLE_OBJC_ARC = YES;
				CLANG_WARN_BOOL_CONVERSION = YES;
				CLANG_WARN_CONSTANT_CONVERSION = YES;
				CLANG_WARN_DIRECT_OBJC_ISA_USAGE = YES_ERROR;
				CLANG_WARN_DOCUMENTATION_COMMENTS = YES;
				CLANG_WARN_EMPTY_BODY = YES;
				CLANG_WARN_ENUM_CONVERSION = YES;
				CLANG_WARN_INFINITE_RECURSION = YES;
				CLANG_WARN_INT_CONVERSION = YES;
				CLANG_WARN_OBJC_ROOT_CLASS = YES_ERROR;
				CLANG_WARN_SUSPICIOUS_MOVE = YES;
				CLANG_WARN_UNREACHABLE_CODE = YES;
				CLANG_WARN__DUPLICATE_METHOD_MATCH = YES;
				"CODE_SIGN_IDENTITY[sdk=iphoneos*]" = "iPhone Developer";
				COPY_PHASE_STRIP = NO;
				DEBUG_INFORMATION_FORMAT = dwarf;
				ENABLE_STRICT_OBJC_MSGSEND = YES;
				ENABLE_TESTABILITY = YES;
				GCC_C_LANGUAGE_STANDARD = gnu99;
				GCC_DYNAMIC_NO_PIC = NO;
				GCC_NO_COMMON_BLOCKS = YES;
				GCC_OPTIMIZATION_LEVEL = 0;
				GCC_PREPROCESSOR_DEFINITIONS = (
					"DEBUG=1",
					"$(inherited)",
				);
				GCC_WARN_64_TO_32_BIT_CONVERSION = YES;
				GCC_WARN_ABOUT_RETURN_TYPE = YES_ERROR;
				GCC_WARN_UNDECLARED_SELECTOR = YES;
				GCC_WARN_UNINITIALIZED_AUTOS = YES_AGGRESSIVE;
				GCC_WARN_UNUSED_FUNCTION = YES;
				GCC_WARN_UNUSED_VARIABLE = YES;
				IPHONEOS_DEPLOYMENT_TARGET = 10.2;
				MTL_ENABLE_DEBUG_INFO = YES;
				ONLY_ACTIVE_ARCH = YES;
				SDKROOT = iphoneos;
				SWIFT_ACTIVE_COMPILATION_CONDITIONS = DEBUG;
				SWIFT_OPTIMIZATION_LEVEL = "-Onone";
				TARGETED_DEVICE_FAMILY = "1,2";
			};
			name = Debug;
		};
		2E97B0141E68DBE600B4F0C3 /* Release */ = {
			isa = XCBuildConfiguration;
			buildSettings = {
				ALWAYS_SEARCH_USER_PATHS = NO;
				CLANG_ANALYZER_NONNULL = YES;
				CLANG_CXX_LANGUAGE_STANDARD = "gnu++0x";
				CLANG_CXX_LIBRARY = "libc++";
				CLANG_ENABLE_MODULES = YES;
				CLANG_ENABLE_OBJC_ARC = YES;
				CLANG_WARN_BOOL_CONVERSION = YES;
				CLANG_WARN_CONSTANT_CONVERSION = YES;
				CLANG_WARN_DIRECT_OBJC_ISA_USAGE = YES_ERROR;
				CLANG_WARN_DOCUMENTATION_COMMENTS = YES;
				CLANG_WARN_EMPTY_BODY = YES;
				CLANG_WARN_ENUM_CONVERSION = YES;
				CLANG_WARN_INFINITE_RECURSION = YES;
				CLANG_WARN_INT_CONVERSION = YES;
				CLANG_WARN_OBJC_ROOT_CLASS = YES_ERROR;
				CLANG_WARN_SUSPICIOUS_MOVE = YES;
				CLANG_WARN_UNREACHABLE_CODE = YES;
				CLANG_WARN__DUPLICATE_METHOD_MATCH = YES;
				"CODE_SIGN_IDENTITY[sdk=iphoneos*]" = "iPhone Developer";
				COPY_PHASE_STRIP = NO;
				DEBUG_INFORMATION_FORMAT = "dwarf-with-dsym";
				ENABLE_NS_ASSERTIONS = NO;
				ENABLE_STRICT_OBJC_MSGSEND = YES;
				GCC_C_LANGUAGE_STANDARD = gnu99;
				GCC_NO_COMMON_BLOCKS = YES;
				GCC_WARN_64_TO_32_BIT_CONVERSION = YES;
				GCC_WARN_ABOUT_RETURN_TYPE = YES_ERROR;
				GCC_WARN_UNDECLARED_SELECTOR = YES;
				GCC_WARN_UNINITIALIZED_AUTOS = YES_AGGRESSIVE;
				GCC_WARN_UNUSED_FUNCTION = YES;
				GCC_WARN_UNUSED_VARIABLE = YES;
				IPHONEOS_DEPLOYMENT_TARGET = 10.2;
				MTL_ENABLE_DEBUG_INFO = NO;
				SDKROOT = iphoneos;
				SWIFT_OPTIMIZATION_LEVEL = "-Owholemodule";
				TARGETED_DEVICE_FAMILY = "1,2";
				VALIDATE_PRODUCT = YES;
			};
			name = Release;
		};
		2E97B0161E68DBE600B4F0C3 /* Debug */ = {
			isa = XCBuildConfiguration;
			buildSettings = {
				ASSETCATALOG_COMPILER_APPICON_NAME = AppIcon;
				DEVELOPMENT_TEAM = SM38AB76UY;
				FRAMEWORK_SEARCH_PATHS = (
					"$(inherited)",
					"$(PROJECT_DIR)",
				);
				INFOPLIST_FILE = instrumentTests/Info.plist;
				IPHONEOS_DEPLOYMENT_TARGET = 10.1;
				LD_RUNPATH_SEARCH_PATHS = "$(inherited) @executable_path/Frameworks";
				PRODUCT_BUNDLE_IDENTIFIER = com.bbailey.instrumentTests;
				PRODUCT_NAME = "$(TARGET_NAME)";
				SWIFT_VERSION = 3.0;
			};
			name = Debug;
		};
		2E97B0171E68DBE600B4F0C3 /* Release */ = {
			isa = XCBuildConfiguration;
			buildSettings = {
				ASSETCATALOG_COMPILER_APPICON_NAME = AppIcon;
				DEVELOPMENT_TEAM = SM38AB76UY;
				FRAMEWORK_SEARCH_PATHS = (
					"$(inherited)",
					"$(PROJECT_DIR)",
				);
				INFOPLIST_FILE = instrumentTests/Info.plist;
				IPHONEOS_DEPLOYMENT_TARGET = 10.1;
				LD_RUNPATH_SEARCH_PATHS = "$(inherited) @executable_path/Frameworks";
				PRODUCT_BUNDLE_IDENTIFIER = com.bbailey.instrumentTests;
				PRODUCT_NAME = "$(TARGET_NAME)";
				SWIFT_VERSION = 3.0;
			};
			name = Release;
		};
/* End XCBuildConfiguration section */

/* Begin XCConfigurationList section */
		2E97AFFE1E68DBE300B4F0C3 /* Build configuration list for PBXProject "instrumentTests" */ = {
			isa = XCConfigurationList;
			buildConfigurations = (
				2E97B0131E68DBE600B4F0C3 /* Debug */,
				2E97B0141E68DBE600B4F0C3 /* Release */,
			);
			defaultConfigurationIsVisible = 0;
			defaultConfigurationName = Release;
		};
		2E97B0151E68DBE600B4F0C3 /* Build configuration list for PBXNativeTarget "instrumentTests" */ = {
			isa = XCConfigurationList;
			buildConfigurations = (
				2E97B0161E68DBE600B4F0C3 /* Debug */,
				2E97B0171E68DBE600B4F0C3 /* Release */,
			);
			defaultConfigurationIsVisible = 0;
		};
/* End XCConfigurationList section */
	};
	rootObject = 2E97AFFB1E68DBE300B4F0C3 /* Project object */;
}
